# THIS IS AN AUTOGENERATED FILE. DO NOT EDIT THIS FILE DIRECTLY.
# yarn lockfile v1


"docxtemplater-style-module@https://modules.docxtemplater.com/packages/v2/apreston_rti/91535868-39e4-4833-5d91-bf20abf081b0/styling-module-3.3.1.tar.gz":
  version "3.3.1"
  resolved "https://modules.docxtemplater.com/packages/v2/apreston_rti/91535868-39e4-4833-5d91-bf20abf081b0/styling-module-3.3.1.tar.gz#67f9a45d1675b9cd1ced2cc072adfa3ee915b9ad"
  dependencies:
    docxtemplater "^3.17.9"
    lodash "^4.17.15"

docxtemplater@^3.17.9:
  version "3.19.6"
  resolved "https://registry.yarnpkg.com/docxtemplater/-/docxtemplater-3.19.6.tgz#40f4f2f8e1ca809bb48c343941c2979587b874c2"
  integrity sha512-sKTs7iJ3/StQN/5Gxmcq1iryaL9JOXkQj/4EQtbQ0BHdb0bH7jLdBx/19hSeaE/+cviR6Fvh/G7aE0X2KDQiUw==
  dependencies:
    xmldom "^0.3.0"

lodash@^4.17.15:
  version "4.17.20"
  resolved "https://registry.yarnpkg.com/lodash/-/lodash-4.17.20.tgz#b44a9b6297bcb698f1c51a3545a2b3b368d59c52"
  integrity sha512-PlhdFcillOINfeV7Ni6oF1TAEayyZBoZ8bcshTHqOYJYlrqzRK5hagpagky5o4HfCzzd1TRkXPMFq6cKk9rGmA==

xmldom@^0.3.0:
  version "0.3.0"
  resolved "https://registry.yarnpkg.com/xmldom/-/xmldom-0.3.0.tgz#e625457f4300b5df9c2e1ecb776147ece47f3e5a"
  integrity sha512-z9s6k3wxE+aZHgXYxSTpGDo7BYOUfJsIRyoZiX6HTjwpwfS2wpQBQKa2fD+ShLyPkqDYo5ud7KitmLZ2Cd6r0g==
